
Microsoft Visual Studio Solution File, Format Version 12.00
# Visual Studio 2013
VisualStudioVersion = 12.0.21005.1
MinimumVisualStudioVersion = 10.0.40219.1
Project("{8BC9CEB8-8B4A-11D0-8D11-00A0C91BC942}") = "Algorithm", "Algorithm\Algorithm.vcxproj", "{83980186-8C51-44B5-8AB7-5BA7ADDECDFD}"
EndProject
Project("{8BC9CEB8-8B4A-11D0-8D11-00A0C91BC942}") = "HuffmanTree", "HuffmanTree\HuffmanTree.vcxproj", "{4259D08D-CCF5-4C96-A3C6-18C6AAF54EC7}"
EndProject
Project("{8BC9CEB8-8B4A-11D0-8D11-00A0C91BC942}") = "MergeSort", "MergeSort\MergeSort.vcxproj", "{F7DAE5DE-3253-4E0B-B3F2-BC5F6A796A6D}"
EndProject
Global
	GlobalSection(SolutionConfigurationPlatforms) = preSolution
		Debug|Win32 = Debug|Win32
		Release|Win32 = Release|Win32
	EndGlobalSection
	GlobalSection(ProjectConfigurationPlatforms) = postSolution
		{83980186-8C51-44B5-8AB7-5BA7ADDECDFD}.Debug|Win32.ActiveCfg = Debug|Win32
		{83980186-8C51-44B5-8AB7-5BA7ADDECDFD}.Debug|Win32.Build.0 = Debug|Win32
		{83980186-8C51-44B5-8AB7-5BA7ADDECDFD}.Release|Win32.ActiveCfg = Release|Win32
		{83980186-8C51-44B5-8AB7-5BA7ADDECDFD}.Release|Win32.Build.0 = Release|Win32
		{4259D08D-CCF5-4C96-A3C6-18C6AAF54EC7}.Debug|Win32.ActiveCfg = Debug|Win32
		{4259D08D-CCF5-4C96-A3C6-18C6AAF54EC7}.Debug|Win32.Build.0 = Debug|Win32
		{4259D08D-CCF5-4C96-A3C6-18C6AAF54EC7}.Release|Win32.ActiveCfg = Release|Win32
		{4259D08D-CCF5-4C96-A3C6-18C6AAF54EC7}.Release|Win32.Build.0 = Release|Win32
		{F7DAE5DE-3253-4E0B-B3F2-BC5F6A796A6D}.Debug|Win32.ActiveCfg = Debug|Win32
		{F7DAE5DE-3253-4E0B-B3F2-BC5F6A796A6D}.Debug|Win32.Build.0 = Debug|Win32
		{F7DAE5DE-3253-4E0B-B3F2-BC5F6A796A6D}.Release|Win32.ActiveCfg = Release|Win32
		{F7DAE5DE-3253-4E0B-B3F2-BC5F6A796A6D}.Release|Win32.Build.0 = Release|Win32
	EndGlobalSection
	GlobalSection(SolutionProperties) = preSolution
		HideSolutionNode = FALSE
	EndGlobalSection
EndGlobal
